{
  "requires": true,
  "lockfileVersion": 1,
  "dependencies": {
    "@digitallinguistics/transliterate": {
      "version": "0.2.1",
      "resolved": "https://registry.npmjs.org/@digitallinguistics/transliterate/-/transliterate-0.2.1.tgz",
      "integrity": "sha512-/w5O5MJ3jz9tig/TnIjrmZI5oTigENNnSOMwTZq0f1qTxzFGkvVSNODg4WE+iheeiYx5J3ADUNWcE0icGZybTg==",
      "dev": true
    }
  }
}
